// !$*UTF8*$!
{
	archiveVersion = 1;
	classes = {
	};
	objectVersion = 56;
	objects = {

/* Begin PBXBuildFile section */
		4D01C06AA3681407EF385CD0 /* Pods_PipeCalculatorApp.framework in Frameworks */ = {isa = PBXBuildFile; fileRef = E9EE90CD84ECD4DFF5015E0D /* Pods_PipeCalculatorApp.framework */; };
		963324BB29F84A6E00194CDB /* GostViewController.swift in Sources */ = {isa = PBXBuildFile; fileRef = 963324BA29F84A6E00194CDB /* GostViewController.swift */; };
		964F0E8029EC6333001B3287 /* Animation.swift in Sources */ = {isa = PBXBuildFile; fileRef = 964F0E7F29EC6333001B3287 /* Animation.swift */; };
		9670188029E300E300069AF9 /* AppDelegate.swift in Sources */ = {isa = PBXBuildFile; fileRef = 9670187F29E300E300069AF9 /* AppDelegate.swift */; };
		9670188229E300E300069AF9 /* SceneDelegate.swift in Sources */ = {isa = PBXBuildFile; fileRef = 9670188129E300E300069AF9 /* SceneDelegate.swift */; };
		9670188429E300E300069AF9 /* ViewController.swift in Sources */ = {isa = PBXBuildFile; fileRef = 9670188329E300E300069AF9 /* ViewController.swift */; };
		9670188729E300E300069AF9 /* Main.storyboard in Resources */ = {isa = PBXBuildFile; fileRef = 9670188529E300E300069AF9 /* Main.storyboard */; };
		9670188929E300E600069AF9 /* Assets.xcassets in Resources */ = {isa = PBXBuildFile; fileRef = 9670188829E300E600069AF9 /* Assets.xcassets */; };
		9670188C29E300E600069AF9 /* LaunchScreen.storyboard in Resources */ = {isa = PBXBuildFile; fileRef = 9670188A29E300E600069AF9 /* LaunchScreen.storyboard */; };
		9670189529E4856200069AF9 /* Extensions.swift in Sources */ = {isa = PBXBuildFile; fileRef = 9670189429E4856200069AF9 /* Extensions.swift */; };
		9670189A29E8887300069AF9 /* Models.swift in Sources */ = {isa = PBXBuildFile; fileRef = 9670189929E8887300069AF9 /* Models.swift */; };
		96EB980629F8545000CE7C0B /* Gost3262ViewController.swift in Sources */ = {isa = PBXBuildFile; fileRef = 96EB980529F8545000CE7C0B /* Gost3262ViewController.swift */; };
		96FEB4E929EB388C0041307F /* DeveloperViewController.swift in Sources */ = {isa = PBXBuildFile; fileRef = 96FEB4E829EB388C0041307F /* DeveloperViewController.swift */; };
/* End PBXBuildFile section */

/* Begin PBXFileReference section */
		1CD4EE3163DC53F5154C9F4A /* Pods-PipeCalculatorApp.release.xcconfig */ = {isa = PBXFileReference; includeInIndex = 1; lastKnownFileType = text.xcconfig; name = "Pods-PipeCalculatorApp.release.xcconfig"; path = "Target Support Files/Pods-PipeCalculatorApp/Pods-PipeCalculatorApp.release.xcconfig"; sourceTree = "<group>"; };
		93E0325C3FCA4F20F53F2CD2 /* Pods-PipeCalculatorApp.debug.xcconfig */ = {isa = PBXFileReference; includeInIndex = 1; lastKnownFileType = text.xcconfig; name = "Pods-PipeCalculatorApp.debug.xcconfig"; path = "Target Support Files/Pods-PipeCalculatorApp/Pods-PipeCalculatorApp.debug.xcconfig"; sourceTree = "<group>"; };
		963324BA29F84A6E00194CDB /* GostViewController.swift */ = {isa = PBXFileReference; lastKnownFileType = sourcecode.swift; path = GostViewController.swift; sourceTree = "<group>"; };
		964F0E7F29EC6333001B3287 /* Animation.swift */ = {isa = PBXFileReference; lastKnownFileType = sourcecode.swift; path = Animation.swift; sourceTree = "<group>"; };
		9670187C29E300E300069AF9 /* PipeCalculatorApp.app */ = {isa = PBXFileReference; explicitFileType = wrapper.application; includeInIndex = 0; path = PipeCalculatorApp.app; sourceTree = BUILT_PRODUCTS_DIR; };
		9670187F29E300E300069AF9 /* AppDelegate.swift */ = {isa = PBXFileReference; lastKnownFileType = sourcecode.swift; path = AppDelegate.swift; sourceTree = "<group>"; };
		9670188129E300E300069AF9 /* SceneDelegate.swift */ = {isa = PBXFileReference; lastKnownFileType = sourcecode.swift; path = SceneDelegate.swift; sourceTree = "<group>"; };
		9670188329E300E300069AF9 /* ViewController.swift */ = {isa = PBXFileReference; lastKnownFileType = sourcecode.swift; path = ViewController.swift; sourceTree = "<group>"; };
		9670188629E300E300069AF9 /* Base */ = {isa = PBXFileReference; lastKnownFileType = file.storyboard; name = Base; path = Base.lproj/Main.storyboard; sourceTree = "<group>"; };
		9670188829E300E600069AF9 /* Assets.xcassets */ = {isa = PBXFileReference; lastKnownFileType = folder.assetcatalog; path = Assets.xcassets; sourceTree = "<group>"; };
		9670188B29E300E600069AF9 /* Base */ = {isa = PBXFileReference; lastKnownFileType = file.storyboard; name = Base; path = Base.lproj/LaunchScreen.storyboard; sourceTree = "<group>"; };
		9670188D29E300E600069AF9 /* Info.plist */ = {isa = PBXFileReference; lastKnownFileType = text.plist.xml; path = Info.plist; sourceTree = "<group>"; };
		9670189429E4856200069AF9 /* Extensions.swift */ = {isa = PBXFileReference; lastKnownFileType = sourcecode.swift; path = Extensions.swift; sourceTree = "<group>"; };
		9670189929E8887300069AF9 /* Models.swift */ = {isa = PBXFileReference; lastKnownFileType = sourcecode.swift; path = Models.swift; sourceTree = "<group>"; };
		96EB980529F8545000CE7C0B /* Gost3262ViewController.swift */ = {isa = PBXFileReference; lastKnownFileType = sourcecode.swift; path = Gost3262ViewController.swift; sourceTree = "<group>"; };
		96FEB4E829EB388C0041307F /* DeveloperViewController.swift */ = {isa = PBXFileReference; lastKnownFileType = sourcecode.swift; path = DeveloperViewController.swift; sourceTree = "<group>"; };
		E9EE90CD84ECD4DFF5015E0D /* Pods_PipeCalculatorApp.framework */ = {isa = PBXFileReference; explicitFileType = wrapper.framework; includeInIndex = 0; path = Pods_PipeCalculatorApp.framework; sourceTree = BUILT_PRODUCTS_DIR; };
/* End PBXFileReference section */

/* Begin PBXFrameworksBuildPhase section */
		9670187929E300E300069AF9 /* Frameworks */ = {
			isa = PBXFrameworksBuildPhase;
			buildActionMask = 2147483647;
			files = (
				4D01C06AA3681407EF385CD0 /* Pods_PipeCalculatorApp.framework in Frameworks */,
			);
			runOnlyForDeploymentPostprocessing = 0;
		};
/* End PBXFrameworksBuildPhase section */

/* Begin PBXGroup section */
		9670187329E300E300069AF9 = {
			isa = PBXGroup;
			children = (
				9670187E29E300E300069AF9 /* PipeCalculatorApp */,
				9670187D29E300E300069AF9 /* Products */,
				BD575BE5C469FBF69DA3EB77 /* Pods */,
				C13924E65834B5EA068FC307 /* Frameworks */,
			);
			sourceTree = "<group>";
		};
		9670187D29E300E300069AF9 /* Products */ = {
			isa = PBXGroup;
			children = (
				9670187C29E300E300069AF9 /* PipeCalculatorApp.app */,
			);
			name = Products;
			sourceTree = "<group>";
		};
		9670187E29E300E300069AF9 /* PipeCalculatorApp */ = {
			isa = PBXGroup;
			children = (
				9670189829E485C300069AF9 /* Models */,
				9670189729E485AA00069AF9 /* Views */,
				9670189629E4857D00069AF9 /* Controller */,
				9670188829E300E600069AF9 /* Assets.xcassets */,
				9670188D29E300E600069AF9 /* Info.plist */,
				9670189329E300F400069AF9 /* Delegates */,
			);
			path = PipeCalculatorApp;
			sourceTree = "<group>";
		};
		9670189329E300F400069AF9 /* Delegates */ = {
			isa = PBXGroup;
			children = (
				9670187F29E300E300069AF9 /* AppDelegate.swift */,
				9670188129E300E300069AF9 /* SceneDelegate.swift */,
			);
			path = Delegates;
			sourceTree = "<group>";
		};
		9670189629E4857D00069AF9 /* Controller */ = {
			isa = PBXGroup;
			children = (
				9670188329E300E300069AF9 /* ViewController.swift */,
				96FEB4E829EB388C0041307F /* DeveloperViewController.swift */,
				963324BA29F84A6E00194CDB /* GostViewController.swift */,
				96EB980529F8545000CE7C0B /* Gost3262ViewController.swift */,
			);
			path = Controller;
			sourceTree = "<group>";
		};
		9670189729E485AA00069AF9 /* Views */ = {
			isa = PBXGroup;
			children = (
				9670188529E300E300069AF9 /* Main.storyboard */,
				9670188A29E300E600069AF9 /* LaunchScreen.storyboard */,
			);
			path = Views;
			sourceTree = "<group>";
		};
		9670189829E485C300069AF9 /* Models */ = {
			isa = PBXGroup;
			children = (
				9670189429E4856200069AF9 /* Extensions.swift */,
				9670189929E8887300069AF9 /* Models.swift */,
				964F0E7F29EC6333001B3287 /* Animation.swift */,
			);
			path = Models;
			sourceTree = "<group>";
		};
		BD575BE5C469FBF69DA3EB77 /* Pods */ = {
			isa = PBXGroup;
			children = (
				93E0325C3FCA4F20F53F2CD2 /* Pods-PipeCalculatorApp.debug.xcconfig */,
				1CD4EE3163DC53F5154C9F4A /* Pods-PipeCalculatorApp.release.xcconfig */,
			);
			path = Pods;
			sourceTree = "<group>";
		};
		C13924E65834B5EA068FC307 /* Frameworks */ = {
			isa = PBXGroup;
			children = (
				E9EE90CD84ECD4DFF5015E0D /* Pods_PipeCalculatorApp.framework */,
			);
			name = Frameworks;
			sourceTree = "<group>";
		};
/* End PBXGroup section */

/* Begin PBXNativeTarget section */
		9670187B29E300E300069AF9 /* PipeCalculatorApp */ = {
			isa = PBXNativeTarget;
			buildConfigurationList = 9670189029E300E600069AF9 /* Build configuration list for PBXNativeTarget "PipeCalculatorApp" */;
			buildPhases = (
				4905AE301A5417C2CFCD601D /* [CP] Check Pods Manifest.lock */,
				9670187829E300E300069AF9 /* Sources */,
				9670187929E300E300069AF9 /* Frameworks */,
				9670187A29E300E300069AF9 /* Resources */,
				32BBCA27165CEBAFBC87923B /* [CP] Embed Pods Frameworks */,
			);
			buildRules = (
			);
			dependencies = (
			);
			name = PipeCalculatorApp;
			productName = PipeCalculatorApp;
			productReference = 9670187C29E300E300069AF9 /* PipeCalculatorApp.app */;
			productType = "com.apple.product-type.application";
		};
/* End PBXNativeTarget section */

/* Begin PBXProject section */
		9670187429E300E300069AF9 /* Project object */ = {
			isa = PBXProject;
			attributes = {
				BuildIndependentTargetsInParallel = 1;
				LastSwiftUpdateCheck = 1420;
				LastUpgradeCheck = 1420;
				TargetAttributes = {
					9670187B29E300E300069AF9 = {
						CreatedOnToolsVersion = 14.2;
					};
				};
			};
			buildConfigurationList = 9670187729E300E300069AF9 /* Build configuration list for PBXProject "PipeCalculatorApp" */;
			compatibilityVersion = "Xcode 14.0";
			developmentRegion = en;
			hasScannedForEncodings = 0;
			knownRegions = (
				en,
				Base,
			);
			mainGroup = 9670187329E300E300069AF9;
			productRefGroup = 9670187D29E300E300069AF9 /* Products */;
			projectDirPath = "";
			projectRoot = "";
			targets = (
				9670187B29E300E300069AF9 /* PipeCalculatorApp */,
			);
		};
/* End PBXProject section */

/* Begin PBXResourcesBuildPhase section */
		9670187A29E300E300069AF9 /* Resources */ = {
			isa = PBXResourcesBuildPhase;
			buildActionMask = 2147483647;
			files = (
				9670188C29E300E600069AF9 /* LaunchScreen.storyboard in Resources */,
				9670188929E300E600069AF9 /* Assets.xcassets in Resources */,
				9670188729E300E300069AF9 /* Main.storyboard in Resources */,
			);
			runOnlyForDeploymentPostprocessing = 0;
		};
/* End PBXResourcesBuildPhase section */

/* Begin PBXShellScriptBuildPhase section */
		32BBCA27165CEBAFBC87923B /* [CP] Embed Pods Frameworks */ = {
			isa = PBXShellScriptBuildPhase;
			buildActionMask = 2147483647;
			files = (
			);
			inputFileListPaths = (
				"${PODS_ROOT}/Target Support Files/Pods-PipeCalculatorApp/Pods-PipeCalculatorApp-frameworks-${CONFIGURATION}-input-files.xcfilelist",
			);
			name = "[CP] Embed Pods Frameworks";
			outputFileListPaths = (
				"${PODS_ROOT}/Target Support Files/Pods-PipeCalculatorApp/Pods-PipeCalculatorApp-frameworks-${CONFIGURATION}-output-files.xcfilelist",
			);
			runOnlyForDeploymentPostprocessing = 0;
			shellPath = /bin/sh;
			shellScript = "\"${PODS_ROOT}/Target Support Files/Pods-PipeCalculatorApp/Pods-PipeCalculatorApp-frameworks.sh\"\n";
			showEnvVarsInLog = 0;
		};
		4905AE301A5417C2CFCD601D /* [CP] Check Pods Manifest.lock */ = {
			isa = PBXShellScriptBuildPhase;
			buildActionMask = 2147483647;
			files = (
			);
			inputFileListPaths = (
			);
			inputPaths = (
				"${PODS_PODFILE_DIR_PATH}/Podfile.lock",
				"${PODS_ROOT}/Manifest.lock",
			);
			name = "[CP] Check Pods Manifest.lock";
			outputFileListPaths = (
			);
			outputPaths = (
				"$(DERIVED_FILE_DIR)/Pods-PipeCalculatorApp-checkManifestLockResult.txt",
			);
			runOnlyForDeploymentPostprocessing = 0;
			shellPath = /bin/sh;
			shellScript = "diff \"${PODS_PODFILE_DIR_PATH}/Podfile.lock\" \"${PODS_ROOT}/Manifest.lock\" > /dev/null\nif [ $? != 0 ] ; then\n    # print error to STDERR\n    echo \"error: The sandbox is not in sync with the Podfile.lock. Run 'pod install' or update your CocoaPods installation.\" >&2\n    exit 1\nfi\n# This output is used by Xcode 'outputs' to avoid re-running this script phase.\necho \"SUCCESS\" > \"${SCRIPT_OUTPUT_FILE_0}\"\n";
			showEnvVarsInLog = 0;
		};
/* End PBXShellScriptBuildPhase section */

/* Begin PBXSourcesBuildPhase section */
		9670187829E300E300069AF9 /* Sources */ = {
			isa = PBXSourcesBuildPhase;
			buildActionMask = 2147483647;
			files = (
				9670188429E300E300069AF9 /* ViewController.swift in Sources */,
				96EB980629F8545000CE7C0B /* Gost3262ViewController.swift in Sources */,
				9670188029E300E300069AF9 /* AppDelegate.swift in Sources */,
				9670188229E300E300069AF9 /* SceneDelegate.swift in Sources */,
				9670189529E4856200069AF9 /* Extensions.swift in Sources */,
				9670189A29E8887300069AF9 /* Models.swift in Sources */,
				964F0E8029EC6333001B3287 /* Animation.swift in Sources */,
				96FEB4E929EB388C0041307F /* DeveloperViewController.swift in Sources */,
				963324BB29F84A6E00194CDB /* GostViewController.swift in Sources */,
			);
			runOnlyForDeploymentPostprocessing = 0;
		};
/* End PBXSourcesBuildPhase section */

/* Begin PBXVariantGroup section */
		9670188529E300E300069AF9 /* Main.storyboard */ = {
			isa = PBXVariantGroup;
			children = (
				9670188629E300E300069AF9 /* Base */,
			);
			name = Main.storyboard;
			sourceTree = "<group>";
		};
		9670188A29E300E600069AF9 /* LaunchScreen.storyboard */ = {
			isa = PBXVariantGroup;
			children = (
				9670188B29E300E600069AF9 /* Base */,
			);
			name = LaunchScreen.storyboard;
			sourceTree = "<group>";
		};
/* End PBXVariantGroup section */

/* Begin XCBuildConfiguration section */
		9670188E29E300E600069AF9 /* Debug */ = {
			isa = XCBuildConfiguration;
			buildSettings = {
				ALWAYS_SEARCH_USER_PATHS = NO;
				CLANG_ANALYZER_NONNULL = YES;
				CLANG_ANALYZER_NUMBER_OBJECT_CONVERSION = YES_AGGRESSIVE;
				CLANG_CXX_LANGUAGE_STANDARD = "gnu++20";
				CLANG_ENABLE_MODULES = YES;
				CLANG_ENABLE_OBJC_ARC = YES;
				CLANG_ENABLE_OBJC_WEAK = YES;
				CLANG_WARN_BLOCK_CAPTURE_AUTORELEASING = YES;
				CLANG_WARN_BOOL_CONVERSION = YES;
				CLANG_WARN_COMMA = YES;
				CLANG_WARN_CONSTANT_CONVERSION = YES;
				CLANG_WARN_DEPRECATED_OBJC_IMPLEMENTATIONS = YES;
				CLANG_WARN_DIRECT_OBJC_ISA_USAGE = YES_ERROR;
				CLANG_WARN_DOCUMENTATION_COMMENTS = YES;
				CLANG_WARN_EMPTY_BODY = YES;
				CLANG_WARN_ENUM_CONVERSION = YES;
				CLANG_WARN_INFINITE_RECURSION = YES;
				CLANG_WARN_INT_CONVERSION = YES;
				CLANG_WARN_NON_LITERAL_NULL_CONVERSION = YES;
				CLANG_WARN_OBJC_IMPLICIT_RETAIN_SELF = YES;
				CLANG_WARN_OBJC_LITERAL_CONVERSION = YES;
				CLANG_WARN_OBJC_ROOT_CLASS = YES_ERROR;
				CLANG_WARN_QUOTED_INCLUDE_IN_FRAMEWORK_HEADER = YES;
				CLANG_WARN_RANGE_LOOP_ANALYSIS = YES;
				CLANG_WARN_STRICT_PROTOTYPES = YES;
				CLANG_WARN_SUSPICIOUS_MOVE = YES;
				CLANG_WARN_UNGUARDED_AVAILABILITY = YES_AGGRESSIVE;
				CLANG_WARN_UNREACHABLE_CODE = YES;
				CLANG_WARN__DUPLICATE_METHOD_MATCH = YES;
				COPY_PHASE_STRIP = NO;
				DEBUG_INFORMATION_FORMAT = dwarf;
				ENABLE_STRICT_OBJC_MSGSEND = YES;
				ENABLE_TESTABILITY = YES;
				GCC_C_LANGUAGE_STANDARD = gnu11;
				GCC_DYNAMIC_NO_PIC = NO;
				GCC_NO_COMMON_BLOCKS = YES;
				GCC_OPTIMIZATION_LEVEL = 0;
				GCC_PREPROCESSOR_DEFINITIONS = (
					"DEBUG=1",
					"$(inherited)",
				);
				GCC_WARN_64_TO_32_BIT_CONVERSION = YES;
				GCC_WARN_ABOUT_RETURN_TYPE = YES_ERROR;
				GCC_WARN_UNDECLARED_SELECTOR = YES;
				GCC_WARN_UNINITIALIZED_AUTOS = YES_AGGRESSIVE;
				GCC_WARN_UNUSED_FUNCTION = YES;
				GCC_WARN_UNUSED_VARIABLE = YES;
				IPHONEOS_DEPLOYMENT_TARGET = 16.2;
				MTL_ENABLE_DEBUG_INFO = INCLUDE_SOURCE;
				MTL_FAST_MATH = YES;
				ONLY_ACTIVE_ARCH = YES;
				SDKROOT = iphoneos;
				SWIFT_ACTIVE_COMPILATION_CONDITIONS = DEBUG;
				SWIFT_OPTIMIZATION_LEVEL = "-Onone";
			};
			name = Debug;
		};
		9670188F29E300E600069AF9 /* Release */ = {
			isa = XCBuildConfiguration;
			buildSettings = {
				ALWAYS_SEARCH_USER_PATHS = NO;
				CLANG_ANALYZER_NONNULL = YES;
				CLANG_ANALYZER_NUMBER_OBJECT_CONVERSION = YES_AGGRESSIVE;
				CLANG_CXX_LANGUAGE_STANDARD = "gnu++20";
				CLANG_ENABLE_MODULES = YES;
				CLANG_ENABLE_OBJC_ARC = YES;
				CLANG_ENABLE_OBJC_WEAK = YES;
				CLANG_WARN_BLOCK_CAPTURE_AUTORELEASING = YES;
				CLANG_WARN_BOOL_CONVERSION = YES;
				CLANG_WARN_COMMA = YES;
				CLANG_WARN_CONSTANT_CONVERSION = YES;
				CLANG_WARN_DEPRECATED_OBJC_IMPLEMENTATIONS = YES;
				CLANG_WARN_DIRECT_OBJC_ISA_USAGE = YES_ERROR;
				CLANG_WARN_DOCUMENTATION_COMMENTS = YES;
				CLANG_WARN_EMPTY_BODY = YES;
				CLANG_WARN_ENUM_CONVERSION = YES;
				CLANG_WARN_INFINITE_RECURSION = YES;
				CLANG_WARN_INT_CONVERSION = YES;
				CLANG_WARN_NON_LITERAL_NULL_CONVERSION = YES;
				CLANG_WARN_OBJC_IMPLICIT_RETAIN_SELF = YES;
				CLANG_WARN_OBJC_LITERAL_CONVERSION = YES;
				CLANG_WARN_OBJC_ROOT_CLASS = YES_ERROR;
				CLANG_WARN_QUOTED_INCLUDE_IN_FRAMEWORK_HEADER = YES;
				CLANG_WARN_RANGE_LOOP_ANALYSIS = YES;
				CLANG_WARN_STRICT_PROTOTYPES = YES;
				CLANG_WARN_SUSPICIOUS_MOVE = YES;
				CLANG_WARN_UNGUARDED_AVAILABILITY = YES_AGGRESSIVE;
				CLANG_WARN_UNREACHABLE_CODE = YES;
				CLANG_WARN__DUPLICATE_METHOD_MATCH = YES;
				COPY_PHASE_STRIP = NO;
				DEBUG_INFORMATION_FORMAT = "dwarf-with-dsym";
				ENABLE_NS_ASSERTIONS = NO;
				ENABLE_STRICT_OBJC_MSGSEND = YES;
				GCC_C_LANGUAGE_STANDARD = gnu11;
				GCC_NO_COMMON_BLOCKS = YES;
				GCC_WARN_64_TO_32_BIT_CONVERSION = YES;
				GCC_WARN_ABOUT_RETURN_TYPE = YES_ERROR;
				GCC_WARN_UNDECLARED_SELECTOR = YES;
				GCC_WARN_UNINITIALIZED_AUTOS = YES_AGGRESSIVE;
				GCC_WARN_UNUSED_FUNCTION = YES;
				GCC_WARN_UNUSED_VARIABLE = YES;
				IPHONEOS_DEPLOYMENT_TARGET = 16.2;
				MTL_ENABLE_DEBUG_INFO = NO;
				MTL_FAST_MATH = YES;
				SDKROOT = iphoneos;
				SWIFT_COMPILATION_MODE = wholemodule;
				SWIFT_OPTIMIZATION_LEVEL = "-O";
				VALIDATE_PRODUCT = YES;
			};
			name = Release;
		};
		9670189129E300E600069AF9 /* Debug */ = {
			isa = XCBuildConfiguration;
			baseConfigurationReference = 93E0325C3FCA4F20F53F2CD2 /* Pods-PipeCalculatorApp.debug.xcconfig */;
			buildSettings = {
				ASSETCATALOG_COMPILER_APPICON_NAME = AppIcon;
				ASSETCATALOG_COMPILER_GLOBAL_ACCENT_COLOR_NAME = AccentColor;
				CODE_SIGN_STYLE = Automatic;
				CURRENT_PROJECT_VERSION = 1;
				DEVELOPMENT_TEAM = T7GV2BL9LD;
				GENERATE_INFOPLIST_FILE = YES;
				INFOPLIST_FILE = PipeCalculatorApp/Info.plist;
				INFOPLIST_KEY_UIApplicationSupportsIndirectInputEvents = YES;
				INFOPLIST_KEY_UILaunchStoryboardName = LaunchScreen;
				INFOPLIST_KEY_UIMainStoryboardFile = Main;
				INFOPLIST_KEY_UISupportedInterfaceOrientations = UIInterfaceOrientationPortrait;
				IPHONEOS_DEPLOYMENT_TARGET = 15.1;
				LD_RUNPATH_SEARCH_PATHS = (
					"$(inherited)",
					"@executable_path/Frameworks",
				);
				MARKETING_VERSION = 1.0;
				PRODUCT_BUNDLE_IDENTIFIER = tosy.PipeCalculatorApp;
				PRODUCT_NAME = "$(TARGET_NAME)";
				SWIFT_EMIT_LOC_STRINGS = YES;
				SWIFT_VERSION = 5.0;
				TARGETED_DEVICE_FAMILY = "1,2";
			};
			name = Debug;
		};
		9670189229E300E600069AF9 /* Release */ = {
			isa = XCBuildConfiguration;
			baseConfigurationReference = 1CD4EE3163DC53F5154C9F4A /* Pods-PipeCalculatorApp.release.xcconfig */;
			buildSettings = {
				ASSETCATALOG_COMPILER_APPICON_NAME = AppIcon;
				ASSETCATALOG_COMPILER_GLOBAL_ACCENT_COLOR_NAME = AccentColor;
				CODE_SIGN_STYLE = Automatic;
				CURRENT_PROJECT_VERSION = 1;
				DEVELOPMENT_TEAM = T7GV2BL9LD;
				GENERATE_INFOPLIST_FILE = YES;
				INFOPLIST_FILE = PipeCalculatorApp/Info.plist;
				INFOPLIST_KEY_UIApplicationSupportsIndirectInputEvents = YES;
				INFOPLIST_KEY_UILaunchStoryboardName = LaunchScreen;
				INFOPLIST_KEY_UIMainStoryboardFile = Main;
				INFOPLIST_KEY_UISupportedInterfaceOrientations = UIInterfaceOrientationPortrait;
				IPHONEOS_DEPLOYMENT_TARGET = 15.1;
				LD_RUNPATH_SEARCH_PATHS = (
					"$(inherited)",
					"@executable_path/Frameworks",
				);
				MARKETING_VERSION = 1.0;
				PRODUCT_BUNDLE_IDENTIFIER = tosy.PipeCalculatorApp;
				PRODUCT_NAME = "$(TARGET_NAME)";
				SWIFT_EMIT_LOC_STRINGS = YES;
				SWIFT_VERSION = 5.0;
				TARGETED_DEVICE_FAMILY = "1,2";
			};
			name = Release;
		};
/* End XCBuildConfiguration section */

/* Begin XCConfigurationList section */
		9670187729E300E300069AF9 /* Build configuration list for PBXProject "PipeCalculatorApp" */ = {
			isa = XCConfigurationList;
			buildConfigurations = (
				9670188E29E300E600069AF9 /* Debug */,
				9670188F29E300E600069AF9 /* Release */,
			);
			defaultConfigurationIsVisible = 0;
			defaultConfigurationName = Release;
		};
		9670189029E300E600069AF9 /* Build configuration list for PBXNativeTarget "PipeCalculatorApp" */ = {
			isa = XCConfigurationList;
			buildConfigurations = (
				9670189129E300E600069AF9 /* Debug */,
				9670189229E300E600069AF9 /* Release */,
			);
			defaultConfigurationIsVisible = 0;
			defaultConfigurationName = Release;
		};
/* End XCConfigurationList section */
	};
	rootObject = 9670187429E300E300069AF9 /* Project object */;
}
